
Microsoft Visual Studio Solution File, Format Version 12.00
# Visual Studio 15
VisualStudioVersion = 15.0.26730.16
MinimumVisualStudioVersion = 10.0.40219.1
Project("{FAE04EC0-301F-11D3-BF4B-00C04F79EFBC}") = "TestMVC", "TestMVC\TestMVC.csproj", "{3EF0B033-C896-43CD-A4B4-42338E67B409}"
EndProject
Global
	GlobalSection(SolutionConfigurationPlatforms) = preSolution
		Debug|Any CPU = Debug|Any CPU
		Release|Any CPU = Release|Any CPU
	EndGlobalSection
	GlobalSection(ProjectConfigurationPlatforms) = postSolution
		{3EF0B033-C896-43CD-A4B4-42338E67B409}.Debug|Any CPU.ActiveCfg = Debug|Any CPU
		{3EF0B033-C896-43CD-A4B4-42338E67B409}.Debug|Any CPU.Build.0 = Debug|Any CPU
		{3EF0B033-C896-43CD-A4B4-42338E67B409}.Release|Any CPU.ActiveCfg = Release|Any CPU
		{3EF0B033-C896-43CD-A4B4-42338E67B409}.Release|Any CPU.Build.0 = Release|Any CPU
	EndGlobalSection
	GlobalSection(SolutionProperties) = preSolution
		HideSolutionNode = FALSE
	EndGlobalSection
	GlobalSection(ExtensibilityGlobals) = postSolution
		SolutionGuid = {D28BD238-3CFC-45FE-B83A-539DB0BB939B}
	EndGlobalSection
EndGlobal
